
Microsoft Visual Studio Solution File, Format Version 12.00
# Visual Studio Version 17
VisualStudioVersion = 17.14.36310.24
MinimumVisualStudioVersion = 10.0.40219.1
Project("{FAE04EC0-301F-11D3-BF4B-00C04F79EFBC}") = "ComfyBackend", "ComfyBackend\ComfyBackend.csproj", "{410C54CC-981C-4103-A628-ECF89D2E7D0D}"
EndProject
Project("{FAE04EC0-301F-11D3-BF4B-00C04F79EFBC}") = "infrastructure", "infrastructure\infrastructure.csproj", "{FA2AFCC2-003C-4891-9AB1-7367066D56F0}"
	ProjectSection(ProjectDependencies) = postProject
		{7149CDEA-2756-4693-B4E1-C550B3419BD7} = {7149CDEA-2756-4693-B4E1-C550B3419BD7}
	EndProjectSection
EndProject
Project("{FAE04EC0-301F-11D3-BF4B-00C04F79EFBC}") = "Models", "Models\Models.csproj", "{7149CDEA-2756-4693-B4E1-C550B3419BD7}"
EndProject
Global
	GlobalSection(SolutionConfigurationPlatforms) = preSolution
		Debug|Any CPU = Debug|Any CPU
		Release|Any CPU = Release|Any CPU
	EndGlobalSection
	GlobalSection(ProjectConfigurationPlatforms) = postSolution
		{410C54CC-981C-4103-A628-ECF89D2E7D0D}.Debug|Any CPU.ActiveCfg = Debug|Any CPU
		{410C54CC-981C-4103-A628-ECF89D2E7D0D}.Debug|Any CPU.Build.0 = Debug|Any CPU
		{410C54CC-981C-4103-A628-ECF89D2E7D0D}.Release|Any CPU.ActiveCfg = Release|Any CPU
		{410C54CC-981C-4103-A628-ECF89D2E7D0D}.Release|Any CPU.Build.0 = Release|Any CPU
		{FA2AFCC2-003C-4891-9AB1-7367066D56F0}.Debug|Any CPU.ActiveCfg = Debug|Any CPU
		{FA2AFCC2-003C-4891-9AB1-7367066D56F0}.Debug|Any CPU.Build.0 = Debug|Any CPU
		{FA2AFCC2-003C-4891-9AB1-7367066D56F0}.Release|Any CPU.ActiveCfg = Release|Any CPU
		{FA2AFCC2-003C-4891-9AB1-7367066D56F0}.Release|Any CPU.Build.0 = Release|Any CPU
		{7149CDEA-2756-4693-B4E1-C550B3419BD7}.Debug|Any CPU.ActiveCfg = Debug|Any CPU
		{7149CDEA-2756-4693-B4E1-C550B3419BD7}.Debug|Any CPU.Build.0 = Debug|Any CPU
		{7149CDEA-2756-4693-B4E1-C550B3419BD7}.Release|Any CPU.ActiveCfg = Release|Any CPU
		{7149CDEA-2756-4693-B4E1-C550B3419BD7}.Release|Any CPU.Build.0 = Release|Any CPU
	EndGlobalSection
	GlobalSection(SolutionProperties) = preSolution
		HideSolutionNode = FALSE
	EndGlobalSection
	GlobalSection(ExtensibilityGlobals) = postSolution
		SolutionGuid = {DACE2775-0F14-4FC4-B512-18A8CFA5E143}
	EndGlobalSection
EndGlobal
